
Microsoft Visual Studio Solution File, Format Version 12.00
# Visual Studio Version 17
VisualStudioVersion = 17.11.35303.130
MinimumVisualStudioVersion = 10.0.40219.1
Project("{9A19103F-16F7-4668-BE54-9A1E7A4F7556}") = "EntityLayer", "EntityLayer\EntityLayer.csproj", "{4A33F4F3-B139-4DEC-BEFA-99115A4A0299}"
EndProject
Project("{9A19103F-16F7-4668-BE54-9A1E7A4F7556}") = "DateAccessLayer", "DateAccessLayer\DateAccessLayer.csproj", "{7201A289-848B-4748-8DC5-0D76F0590271}"
EndProject
Project("{9A19103F-16F7-4668-BE54-9A1E7A4F7556}") = "BusinessLayer", "BusinessLayer\BusinessLayer.csproj", "{B8446EEF-B315-41CF-935C-6DEAAFD22A92}"
EndProject
Project("{9A19103F-16F7-4668-BE54-9A1E7A4F7556}") = "CoreLayer", "CoreLayer\CoreLayer.csproj", "{A9561932-DE32-4245-8F60-C0AAA958FADD}"
EndProject
Project("{9A19103F-16F7-4668-BE54-9A1E7A4F7556}") = "CoreApi", "CoreApi\CoreApi.csproj", "{BFB17B12-B1A2-4362-B79F-93AAD5C26155}"
EndProject
Project("{9A19103F-16F7-4668-BE54-9A1E7A4F7556}") = "WebCoreProject", "WebCoreProject\WebCoreProject.csproj", "{AF22EB76-2D8A-402B-BB17-2F254914076B}"
EndProject
Global
	GlobalSection(SolutionConfigurationPlatforms) = preSolution
		Debug|Any CPU = Debug|Any CPU
		Release|Any CPU = Release|Any CPU
	EndGlobalSection
	GlobalSection(ProjectConfigurationPlatforms) = postSolution
		{4A33F4F3-B139-4DEC-BEFA-99115A4A0299}.Debug|Any CPU.ActiveCfg = Debug|Any CPU
		{4A33F4F3-B139-4DEC-BEFA-99115A4A0299}.Debug|Any CPU.Build.0 = Debug|Any CPU
		{4A33F4F3-B139-4DEC-BEFA-99115A4A0299}.Release|Any CPU.ActiveCfg = Release|Any CPU
		{4A33F4F3-B139-4DEC-BEFA-99115A4A0299}.Release|Any CPU.Build.0 = Release|Any CPU
		{7201A289-848B-4748-8DC5-0D76F0590271}.Debug|Any CPU.ActiveCfg = Debug|Any CPU
		{7201A289-848B-4748-8DC5-0D76F0590271}.Debug|Any CPU.Build.0 = Debug|Any CPU
		{7201A289-848B-4748-8DC5-0D76F0590271}.Release|Any CPU.ActiveCfg = Release|Any CPU
		{7201A289-848B-4748-8DC5-0D76F0590271}.Release|Any CPU.Build.0 = Release|Any CPU
		{B8446EEF-B315-41CF-935C-6DEAAFD22A92}.Debug|Any CPU.ActiveCfg = Debug|Any CPU
		{B8446EEF-B315-41CF-935C-6DEAAFD22A92}.Debug|Any CPU.Build.0 = Debug|Any CPU
		{B8446EEF-B315-41CF-935C-6DEAAFD22A92}.Release|Any CPU.ActiveCfg = Release|Any CPU
		{B8446EEF-B315-41CF-935C-6DEAAFD22A92}.Release|Any CPU.Build.0 = Release|Any CPU
		{A9561932-DE32-4245-8F60-C0AAA958FADD}.Debug|Any CPU.ActiveCfg = Debug|Any CPU
		{A9561932-DE32-4245-8F60-C0AAA958FADD}.Debug|Any CPU.Build.0 = Debug|Any CPU
		{A9561932-DE32-4245-8F60-C0AAA958FADD}.Release|Any CPU.ActiveCfg = Release|Any CPU
		{A9561932-DE32-4245-8F60-C0AAA958FADD}.Release|Any CPU.Build.0 = Release|Any CPU
		{BFB17B12-B1A2-4362-B79F-93AAD5C26155}.Debug|Any CPU.ActiveCfg = Debug|Any CPU
		{BFB17B12-B1A2-4362-B79F-93AAD5C26155}.Debug|Any CPU.Build.0 = Debug|Any CPU
		{BFB17B12-B1A2-4362-B79F-93AAD5C26155}.Release|Any CPU.ActiveCfg = Release|Any CPU
		{BFB17B12-B1A2-4362-B79F-93AAD5C26155}.Release|Any CPU.Build.0 = Release|Any CPU
		{AF22EB76-2D8A-402B-BB17-2F254914076B}.Debug|Any CPU.ActiveCfg = Debug|Any CPU
		{AF22EB76-2D8A-402B-BB17-2F254914076B}.Debug|Any CPU.Build.0 = Debug|Any CPU
		{AF22EB76-2D8A-402B-BB17-2F254914076B}.Release|Any CPU.ActiveCfg = Release|Any CPU
		{AF22EB76-2D8A-402B-BB17-2F254914076B}.Release|Any CPU.Build.0 = Release|Any CPU
	EndGlobalSection
	GlobalSection(SolutionProperties) = preSolution
		HideSolutionNode = FALSE
	EndGlobalSection
	GlobalSection(ExtensibilityGlobals) = postSolution
		SolutionGuid = {DB03E199-103F-45B9-B466-FED24DA35FF0}
	EndGlobalSection
EndGlobal
